
Microsoft Visual Studio Solution File, Format Version 12.00
# Visual Studio 15
VisualStudioVersion = 15.0.28307.168
MinimumVisualStudioVersion = 10.0.40219.1
Project("{9A19103F-16F7-4668-BE54-9A1E7A4F7556}") = "CoreMapper", "CoreMapper\CoreMapper.csproj", "{E87A6B04-746B-43C5-AF97-CEA33389760E}"
EndProject
Project("{9A19103F-16F7-4668-BE54-9A1E7A4F7556}") = "CoreMapper.AspNetCore", "CoreMapper.AspNetCore\CoreMapper.AspNetCore.csproj", "{1F266214-C2D7-415F-87B8-D61EBFFBC637}"
EndProject
Project("{9A19103F-16F7-4668-BE54-9A1E7A4F7556}") = "CoreMapper.Tests", "CoreMapper.Tests\CoreMapper.Tests.csproj", "{78CAD0C8-98C6-437A-90E8-5AA782D522C8}"
EndProject
Global
	GlobalSection(SolutionConfigurationPlatforms) = preSolution
		Debug|Any CPU = Debug|Any CPU
		Release|Any CPU = Release|Any CPU
	EndGlobalSection
	GlobalSection(ProjectConfigurationPlatforms) = postSolution
		{E87A6B04-746B-43C5-AF97-CEA33389760E}.Debug|Any CPU.ActiveCfg = Debug|Any CPU
		{E87A6B04-746B-43C5-AF97-CEA33389760E}.Debug|Any CPU.Build.0 = Debug|Any CPU
		{E87A6B04-746B-43C5-AF97-CEA33389760E}.Release|Any CPU.ActiveCfg = Release|Any CPU
		{E87A6B04-746B-43C5-AF97-CEA33389760E}.Release|Any CPU.Build.0 = Release|Any CPU
		{1F266214-C2D7-415F-87B8-D61EBFFBC637}.Debug|Any CPU.ActiveCfg = Debug|Any CPU
		{1F266214-C2D7-415F-87B8-D61EBFFBC637}.Debug|Any CPU.Build.0 = Debug|Any CPU
		{1F266214-C2D7-415F-87B8-D61EBFFBC637}.Release|Any CPU.ActiveCfg = Release|Any CPU
		{1F266214-C2D7-415F-87B8-D61EBFFBC637}.Release|Any CPU.Build.0 = Release|Any CPU
		{78CAD0C8-98C6-437A-90E8-5AA782D522C8}.Debug|Any CPU.ActiveCfg = Debug|Any CPU
		{78CAD0C8-98C6-437A-90E8-5AA782D522C8}.Debug|Any CPU.Build.0 = Debug|Any CPU
		{78CAD0C8-98C6-437A-90E8-5AA782D522C8}.Release|Any CPU.ActiveCfg = Release|Any CPU
		{78CAD0C8-98C6-437A-90E8-5AA782D522C8}.Release|Any CPU.Build.0 = Release|Any CPU
	EndGlobalSection
	GlobalSection(SolutionProperties) = preSolution
		HideSolutionNode = FALSE
	EndGlobalSection
	GlobalSection(ExtensibilityGlobals) = postSolution
		SolutionGuid = {4A7CE76A-ADA1-4CBD-A0BE-BCA7388EAF54}
	EndGlobalSection
EndGlobal
